
Microsoft Visual Studio Solution File, Format Version 12.00
# Visual Studio Version 17
VisualStudioVersion = 17.11.35327.3
MinimumVisualStudioVersion = 10.0.40219.1
Project("{8BC9CEB8-8B4A-11D0-8D11-00A0C91BC942}") = "Final practice before midterm", "Final practice before midterm\Final practice before midterm.vcxproj", "{69E0B1FE-52B1-49AF-B716-C55832E9BF14}"
EndProject
Global
	GlobalSection(SolutionConfigurationPlatforms) = preSolution
		Debug|x64 = Debug|x64
		Debug|x86 = Debug|x86
		Release|x64 = Release|x64
		Release|x86 = Release|x86
	EndGlobalSection
	GlobalSection(ProjectConfigurationPlatforms) = postSolution
		{69E0B1FE-52B1-49AF-B716-C55832E9BF14}.Debug|x64.ActiveCfg = Debug|x64
		{69E0B1FE-52B1-49AF-B716-C55832E9BF14}.Debug|x64.Build.0 = Debug|x64
		{69E0B1FE-52B1-49AF-B716-C55832E9BF14}.Debug|x86.ActiveCfg = Debug|Win32
		{69E0B1FE-52B1-49AF-B716-C55832E9BF14}.Debug|x86.Build.0 = Debug|Win32
		{69E0B1FE-52B1-49AF-B716-C55832E9BF14}.Release|x64.ActiveCfg = Release|x64
		{69E0B1FE-52B1-49AF-B716-C55832E9BF14}.Release|x64.Build.0 = Release|x64
		{69E0B1FE-52B1-49AF-B716-C55832E9BF14}.Release|x86.ActiveCfg = Release|Win32
		{69E0B1FE-52B1-49AF-B716-C55832E9BF14}.Release|x86.Build.0 = Release|Win32
	EndGlobalSection
	GlobalSection(SolutionProperties) = preSolution
		HideSolutionNode = FALSE
	EndGlobalSection
	GlobalSection(ExtensibilityGlobals) = postSolution
		SolutionGuid = {AE8590A1-3EDD-4BA4-BE4D-552A972499F3}
	EndGlobalSection
EndGlobal
